github.com/gorilla/mux v1.8.0 h1:i40aqfkR1h2SlN9hojwV5ZA91wcXFOvkdNIeFDP5koI=
github.com/gorilla/mux v1.8.0/go.mod h1:DVbg23sWSpFRCP0SfiEN6jmj59UnW/n46BH5rLB71So=
github.com/mercadolibre/golang-restclient v0.0.0-20170701022150-51958130a0a0 h1:EDOjA2IGgjSBlPlnW7CzBUo/o410SMiFh670jP29Kc4=
github.com/mercadolibre/golang-restclient v0.0.0-20170701022150-51958130a0a0/go.mod h1:Z7qYja4aGk/RWl1yJtN1LXRvC7Hsbq8SEbqWWDrMqMs=
github.com/rmortale/bookstore_oauth-go v0.0.0-20220709175719-c4ea8dd78b26 h1:n/Mm/oYAqsNoD+VQtZeknvurjJW0zQfXyt1W0n6pDrU=
github.com/rmortale/bookstore_oauth-go v0.0.0-20220709175719-c4ea8dd78b26/go.mod h1:QbrCzytWUjngcSTVHNkb2cJkd2Okcx5BSDTgzdKdXPE=
github.com/rmortale/bookstore_utils-go v0.0.0-20220709184127-aa67bfa66b1b h1:UO8+iKbm48/1c/Y6fPwjXroLaeZZn6egH7wN0Fh8yf0=
github.com/rmortale/bookstore_utils-go v0.0.0-20220709184127-aa67bfa66b1b/go.mod h1:zsJEeDYLNQJ6u1pXbzRgbBioKLIj0dPFkfVFa14q+hI=
